[[package]]
name = "py4j"
version = "0.10.9"
description = "Enables Python programs to dynamically access arbitrary Java objects"
category = "main"
optional = false
python-versions = "*"

[[package]]
name = "pyspark"
version = "3.0.1"
description = "Apache Spark Python API"
category = "main"
optional = false
python-versions = "*"

[package.dependencies]
py4j = "0.10.9"

[package.extras]
ml = ["numpy (>=1.7)"]
mllib = ["numpy (>=1.7)"]
sql = ["pandas (>=0.23.2)", "pyarrow (>=0.15.1)"]

[metadata]
lock-version = "1.1"
python-versions = "3.6.9"
content-hash = "ccf4ff916507ffeb4777a1ec47bfab63dd1e06e5a02c27d1db4c993ac3683814"

[metadata.files]
py4j = [
    {file = "py4j-0.10.9-py2.py3-none-any.whl", hash = "sha256:859ba728a7bb43e9c2bf058832759fb97a598bb28cc12f34f5fc4abdec08ede6"},
    {file = "py4j-0.10.9.tar.gz", hash = "sha256:36ec57f43ff8ced260a18aa9a4e46c3500a730cac8860e259cbaa546c2b9db2f"},
]
pyspark = [
    {file = "pyspark-3.0.1.tar.gz", hash = "sha256:38b485d3634a86c9a2923c39c8f08f003fdd0e0a3d7f07114b2fb4392ce60479"},
]
